
Microsoft Visual Studio Solution File, Format Version 12.00
# Visual Studio Version 16
VisualStudioVersion = 16.0.30503.244
MinimumVisualStudioVersion = 10.0.40219.1
Project("{9A19103F-16F7-4668-BE54-9A1E7A4F7556}") = "EmployeePayRollService", "EmployeePayRollService.csproj", "{D2842123-7393-43E3-8DA0-436109614A82}"
EndProject
Global
	GlobalSection(SolutionConfigurationPlatforms) = preSolution
		Debug|Any CPU = Debug|Any CPU
		Release|Any CPU = Release|Any CPU
	EndGlobalSection
	GlobalSection(ProjectConfigurationPlatforms) = postSolution
		{D2842123-7393-43E3-8DA0-436109614A82}.Debug|Any CPU.ActiveCfg = Debug|Any CPU
		{D2842123-7393-43E3-8DA0-436109614A82}.Debug|Any CPU.Build.0 = Debug|Any CPU
		{D2842123-7393-43E3-8DA0-436109614A82}.Release|Any CPU.ActiveCfg = Release|Any CPU
		{D2842123-7393-43E3-8DA0-436109614A82}.Release|Any CPU.Build.0 = Release|Any CPU
	EndGlobalSection
	GlobalSection(SolutionProperties) = preSolution
		HideSolutionNode = FALSE
	EndGlobalSection
	GlobalSection(ExtensibilityGlobals) = postSolution
		SolutionGuid = {70536B77-DFD7-412C-A4A7-3C3308259A6A}
	EndGlobalSection
EndGlobal
